
Microsoft Visual Studio Solution File, Format Version 12.00
# Visual Studio Version 16
VisualStudioVersion = 16.0.31112.23
MinimumVisualStudioVersion = 10.0.40219.1
Project("{9A19103F-16F7-4668-BE54-9A1E7A4F7556}") = "Bookinist", "Bookinist\Bookinist.csproj", "{08F60F39-B2C3-4016-B5EA-38E7B6B5961A}"
EndProject
Project("{FAE04EC0-301F-11D3-BF4B-00C04F79EFBC}") = "Bookinist.DAL", "Bookinist.DAL\Bookinist.DAL.csproj", "{6C601214-E6DD-4209-9525-1637CDECE85D}"
EndProject
Project("{FAE04EC0-301F-11D3-BF4B-00C04F79EFBC}") = "Bookinist.Interfaces", "Bookinist.Interfaces\Bookinist.Interfaces.csproj", "{6FA730C3-4011-4B2F-89E7-CE185F965781}"
EndProject
Global
	GlobalSection(SolutionConfigurationPlatforms) = preSolution
		Debug|Any CPU = Debug|Any CPU
		Release|Any CPU = Release|Any CPU
	EndGlobalSection
	GlobalSection(ProjectConfigurationPlatforms) = postSolution
		{08F60F39-B2C3-4016-B5EA-38E7B6B5961A}.Debug|Any CPU.ActiveCfg = Debug|Any CPU
		{08F60F39-B2C3-4016-B5EA-38E7B6B5961A}.Debug|Any CPU.Build.0 = Debug|Any CPU
		{08F60F39-B2C3-4016-B5EA-38E7B6B5961A}.Release|Any CPU.ActiveCfg = Release|Any CPU
		{08F60F39-B2C3-4016-B5EA-38E7B6B5961A}.Release|Any CPU.Build.0 = Release|Any CPU
		{6C601214-E6DD-4209-9525-1637CDECE85D}.Debug|Any CPU.ActiveCfg = Debug|Any CPU
		{6C601214-E6DD-4209-9525-1637CDECE85D}.Debug|Any CPU.Build.0 = Debug|Any CPU
		{6C601214-E6DD-4209-9525-1637CDECE85D}.Release|Any CPU.ActiveCfg = Release|Any CPU
		{6C601214-E6DD-4209-9525-1637CDECE85D}.Release|Any CPU.Build.0 = Release|Any CPU
		{6FA730C3-4011-4B2F-89E7-CE185F965781}.Debug|Any CPU.ActiveCfg = Debug|Any CPU
		{6FA730C3-4011-4B2F-89E7-CE185F965781}.Debug|Any CPU.Build.0 = Debug|Any CPU
		{6FA730C3-4011-4B2F-89E7-CE185F965781}.Release|Any CPU.ActiveCfg = Release|Any CPU
		{6FA730C3-4011-4B2F-89E7-CE185F965781}.Release|Any CPU.Build.0 = Release|Any CPU
	EndGlobalSection
	GlobalSection(SolutionProperties) = preSolution
		HideSolutionNode = FALSE
	EndGlobalSection
	GlobalSection(ExtensibilityGlobals) = postSolution
		SolutionGuid = {3C5E6E4F-56D6-4867-9F44-2D2F06653219}
	EndGlobalSection
EndGlobal
