
Microsoft Visual Studio Solution File, Format Version 12.00
# Visual Studio Version 16
VisualStudioVersion = 16.0.31112.23
MinimumVisualStudioVersion = 10.0.40219.1
Project("{FAE04EC0-301F-11D3-BF4B-00C04F79EFBC}") = "Bookinist", "Bookinist\Bookinist.csproj", "{08F60F39-B2C3-4016-B5EA-38E7B6B5961A}"
EndProject
Global
	GlobalSection(SolutionConfigurationPlatforms) = preSolution
		Debug|Any CPU = Debug|Any CPU
		Release|Any CPU = Release|Any CPU
	EndGlobalSection
	GlobalSection(ProjectConfigurationPlatforms) = postSolution
		{08F60F39-B2C3-4016-B5EA-38E7B6B5961A}.Debug|Any CPU.ActiveCfg = Debug|Any CPU
		{08F60F39-B2C3-4016-B5EA-38E7B6B5961A}.Debug|Any CPU.Build.0 = Debug|Any CPU
		{08F60F39-B2C3-4016-B5EA-38E7B6B5961A}.Release|Any CPU.ActiveCfg = Release|Any CPU
		{08F60F39-B2C3-4016-B5EA-38E7B6B5961A}.Release|Any CPU.Build.0 = Release|Any CPU
	EndGlobalSection
	GlobalSection(SolutionProperties) = preSolution
		HideSolutionNode = FALSE
	EndGlobalSection
	GlobalSection(ExtensibilityGlobals) = postSolution
		SolutionGuid = {3C5E6E4F-56D6-4867-9F44-2D2F06653219}
	EndGlobalSection
EndGlobal
